// !$*UTF8*$!
{
	archiveVersion = 1;
	classes = {
	};
	objectVersion = 50;
	objects = {

/* Begin PBXBuildFile section */
		41F8721226E2C9AA00DDDF61 /* REcipe_List_AppApp.swift in Sources */ = {isa = PBXBuildFile; fileRef = 41F8721126E2C9AA00DDDF61 /* REcipe_List_AppApp.swift */; };
		41F8721426E2C9AA00DDDF61 /* ContentView.swift in Sources */ = {isa = PBXBuildFile; fileRef = 41F8721326E2C9AA00DDDF61 /* ContentView.swift */; };
		41F8721626E2C9AB00DDDF61 /* Assets.xcassets in Resources */ = {isa = PBXBuildFile; fileRef = 41F8721526E2C9AB00DDDF61 /* Assets.xcassets */; };
		41F8721926E2C9AB00DDDF61 /* Preview Assets.xcassets in Resources */ = {isa = PBXBuildFile; fileRef = 41F8721826E2C9AB00DDDF61 /* Preview Assets.xcassets */; };
/* End PBXBuildFile section */

/* Begin PBXFileReference section */
		41F8720E26E2C9AA00DDDF61 /* REcipe List App.app */ = {isa = PBXFileReference; explicitFileType = wrapper.application; includeInIndex = 0; path = "REcipe List App.app"; sourceTree = BUILT_PRODUCTS_DIR; };
		41F8721126E2C9AA00DDDF61 /* REcipe_List_AppApp.swift */ = {isa = PBXFileReference; lastKnownFileType = sourcecode.swift; path = REcipe_List_AppApp.swift; sourceTree = "<group>"; };
		41F8721326E2C9AA00DDDF61 /* ContentView.swift */ = {isa = PBXFileReference; lastKnownFileType = sourcecode.swift; path = ContentView.swift; sourceTree = "<group>"; };
		41F8721526E2C9AB00DDDF61 /* Assets.xcassets */ = {isa = PBXFileReference; lastKnownFileType = folder.assetcatalog; path = Assets.xcassets; sourceTree = "<group>"; };
		41F8721826E2C9AB00DDDF61 /* Preview Assets.xcassets */ = {isa = PBXFileReference; lastKnownFileType = folder.assetcatalog; path = "Preview Assets.xcassets"; sourceTree = "<group>"; };
		41F8721A26E2C9AB00DDDF61 /* Info.plist */ = {isa = PBXFileReference; lastKnownFileType = text.plist.xml; path = Info.plist; sourceTree = "<group>"; };
/* End PBXFileReference section */

/* Begin PBXFrameworksBuildPhase section */
		41F8720B26E2C9AA00DDDF61 /* Frameworks */ = {
			isa = PBXFrameworksBuildPhase;
			buildActionMask = 2147483647;
			files = (
			);
			runOnlyForDeploymentPostprocessing = 0;
		};
/* End PBXFrameworksBuildPhase section */

/* Begin PBXGroup section */
		41F8720526E2C9AA00DDDF61 = {
			isa = PBXGroup;
			children = (
				41F8721026E2C9AA00DDDF61 /* REcipe List App */,
				41F8720F26E2C9AA00DDDF61 /* Products */,
			);
			sourceTree = "<group>";
		};
		41F8720F26E2C9AA00DDDF61 /* Products */ = {
			isa = PBXGroup;
			children = (
				41F8720E26E2C9AA00DDDF61 /* REcipe List App.app */,
			);
			name = Products;
			sourceTree = "<group>";
		};
		41F8721026E2C9AA00DDDF61 /* REcipe List App */ = {
			isa = PBXGroup;
			children = (
				41F8721126E2C9AA00DDDF61 /* REcipe_List_AppApp.swift */,
				41F8721326E2C9AA00DDDF61 /* ContentView.swift */,
				41F8721526E2C9AB00DDDF61 /* Assets.xcassets */,
				41F8721A26E2C9AB00DDDF61 /* Info.plist */,
				41F8721726E2C9AB00DDDF61 /* Preview Content */,
			);
			path = "REcipe List App";
			sourceTree = "<group>";
		};
		41F8721726E2C9AB00DDDF61 /* Preview Content */ = {
			isa = PBXGroup;
			children = (
				41F8721826E2C9AB00DDDF61 /* Preview Assets.xcassets */,
			);
			path = "Preview Content";
			sourceTree = "<group>";
		};
/* End PBXGroup section */

/* Begin PBXNativeTarget section */
		41F8720D26E2C9AA00DDDF61 /* REcipe List App */ = {
			isa = PBXNativeTarget;
			buildConfigurationList = 41F8721D26E2C9AB00DDDF61 /* Build configuration list for PBXNativeTarget "REcipe List App" */;
			buildPhases = (
				41F8720A26E2C9AA00DDDF61 /* Sources */,
				41F8720B26E2C9AA00DDDF61 /* Frameworks */,
				41F8720C26E2C9AA00DDDF61 /* Resources */,
			);
			buildRules = (
			);
			dependencies = (
			);
			name = "REcipe List App";
			productName = "REcipe List App";
			productReference = 41F8720E26E2C9AA00DDDF61 /* REcipe List App.app */;
			productType = "com.apple.product-type.application";
		};
/* End PBXNativeTarget section */

/* Begin PBXProject section */
		41F8720626E2C9AA00DDDF61 /* Project object */ = {
			isa = PBXProject;
			attributes = {
				LastSwiftUpdateCheck = 1250;
				LastUpgradeCheck = 1250;
				TargetAttributes = {
					41F8720D26E2C9AA00DDDF61 = {
						CreatedOnToolsVersion = 12.5.1;
					};
				};
			};
			buildConfigurationList = 41F8720926E2C9AA00DDDF61 /* Build configuration list for PBXProject "REcipe List App" */;
			compatibilityVersion = "Xcode 9.3";
			developmentRegion = en;
			hasScannedForEncodings = 0;
			knownRegions = (
				en,
				Base,
			);
			mainGroup = 41F8720526E2C9AA00DDDF61;
			productRefGroup = 41F8720F26E2C9AA00DDDF61 /* Products */;
			projectDirPath = "";
			projectRoot = "";
			targets = (
				41F8720D26E2C9AA00DDDF61 /* REcipe List App */,
			);
		};
/* End PBXProject section */

/* Begin PBXResourcesBuildPhase section */
		41F8720C26E2C9AA00DDDF61 /* Resources */ = {
			isa = PBXResourcesBuildPhase;
			buildActionMask = 2147483647;
			files = (
				41F8721926E2C9AB00DDDF61 /* Preview Assets.xcassets in Resources */,
				41F8721626E2C9AB00DDDF61 /* Assets.xcassets in Resources */,
			);
			runOnlyForDeploymentPostprocessing = 0;
		};
/* End PBXResourcesBuildPhase section */

/* Begin PBXSourcesBuildPhase section */
		41F8720A26E2C9AA00DDDF61 /* Sources */ = {
			isa = PBXSourcesBuildPhase;
			buildActionMask = 2147483647;
			files = (
				41F8721426E2C9AA00DDDF61 /* ContentView.swift in Sources */,
				41F8721226E2C9AA00DDDF61 /* REcipe_List_AppApp.swift in Sources */,
			);
			runOnlyForDeploymentPostprocessing = 0;
		};
/* End PBXSourcesBuildPhase section */

/* Begin XCBuildConfiguration section */
		41F8721B26E2C9AB00DDDF61 /* Debug */ = {
			isa = XCBuildConfiguration;
			buildSettings = {
				ALWAYS_SEARCH_USER_PATHS = NO;
				CLANG_ANALYZER_NONNULL = YES;
				CLANG_ANALYZER_NUMBER_OBJECT_CONVERSION = YES_AGGRESSIVE;
				CLANG_CXX_LANGUAGE_STANDARD = "gnu++14";
				CLANG_CXX_LIBRARY = "libc++";
				CLANG_ENABLE_MODULES = YES;
				CLANG_ENABLE_OBJC_ARC = YES;
				CLANG_ENABLE_OBJC_WEAK = YES;
				CLANG_WARN_BLOCK_CAPTURE_AUTORELEASING = YES;
				CLANG_WARN_BOOL_CONVERSION = YES;
				CLANG_WARN_COMMA = YES;
				CLANG_WARN_CONSTANT_CONVERSION = YES;
				CLANG_WARN_DEPRECATED_OBJC_IMPLEMENTATIONS = YES;
				CLANG_WARN_DIRECT_OBJC_ISA_USAGE = YES_ERROR;
				CLANG_WARN_DOCUMENTATION_COMMENTS = YES;
				CLANG_WARN_EMPTY_BODY = YES;
				CLANG_WARN_ENUM_CONVERSION = YES;
				CLANG_WARN_INFINITE_RECURSION = YES;
				CLANG_WARN_INT_CONVERSION = YES;
				CLANG_WARN_NON_LITERAL_NULL_CONVERSION = YES;
				CLANG_WARN_OBJC_IMPLICIT_RETAIN_SELF = YES;
				CLANG_WARN_OBJC_LITERAL_CONVERSION = YES;
				CLANG_WARN_OBJC_ROOT_CLASS = YES_ERROR;
				CLANG_WARN_QUOTED_INCLUDE_IN_FRAMEWORK_HEADER = YES;
				CLANG_WARN_RANGE_LOOP_ANALYSIS = YES;
				CLANG_WARN_STRICT_PROTOTYPES = YES;
				CLANG_WARN_SUSPICIOUS_MOVE = YES;
				CLANG_WARN_UNGUARDED_AVAILABILITY = YES_AGGRESSIVE;
				CLANG_WARN_UNREACHABLE_CODE = YES;
				CLANG_WARN__DUPLICATE_METHOD_MATCH = YES;
				COPY_PHASE_STRIP = NO;
				DEBUG_INFORMATION_FORMAT = dwarf;
				ENABLE_STRICT_OBJC_MSGSEND = YES;
				ENABLE_TESTABILITY = YES;
				GCC_C_LANGUAGE_STANDARD = gnu11;
				GCC_DYNAMIC_NO_PIC = NO;
				GCC_NO_COMMON_BLOCKS = YES;
				GCC_OPTIMIZATION_LEVEL = 0;
				GCC_PREPROCESSOR_DEFINITIONS = (
					"DEBUG=1",
					"$(inherited)",
				);
				GCC_WARN_64_TO_32_BIT_CONVERSION = YES;
				GCC_WARN_ABOUT_RETURN_TYPE = YES_ERROR;
				GCC_WARN_UNDECLARED_SELECTOR = YES;
				GCC_WARN_UNINITIALIZED_AUTOS = YES_AGGRESSIVE;
				GCC_WARN_UNUSED_FUNCTION = YES;
				GCC_WARN_UNUSED_VARIABLE = YES;
				IPHONEOS_DEPLOYMENT_TARGET = 14.5;
				MTL_ENABLE_DEBUG_INFO = INCLUDE_SOURCE;
				MTL_FAST_MATH = YES;
				ONLY_ACTIVE_ARCH = YES;
				SDKROOT = iphoneos;
				SWIFT_ACTIVE_COMPILATION_CONDITIONS = DEBUG;
				SWIFT_OPTIMIZATION_LEVEL = "-Onone";
			};
			name = Debug;
		};
		41F8721C26E2C9AB00DDDF61 /* Release */ = {
			isa = XCBuildConfiguration;
			buildSettings = {
				ALWAYS_SEARCH_USER_PATHS = NO;
				CLANG_ANALYZER_NONNULL = YES;
				CLANG_ANALYZER_NUMBER_OBJECT_CONVERSION = YES_AGGRESSIVE;
				CLANG_CXX_LANGUAGE_STANDARD = "gnu++14";
				CLANG_CXX_LIBRARY = "libc++";
				CLANG_ENABLE_MODULES = YES;
				CLANG_ENABLE_OBJC_ARC = YES;
				CLANG_ENABLE_OBJC_WEAK = YES;
				CLANG_WARN_BLOCK_CAPTURE_AUTORELEASING = YES;
				CLANG_WARN_BOOL_CONVERSION = YES;
				CLANG_WARN_COMMA = YES;
				CLANG_WARN_CONSTANT_CONVERSION = YES;
				CLANG_WARN_DEPRECATED_OBJC_IMPLEMENTATIONS = YES;
				CLANG_WARN_DIRECT_OBJC_ISA_USAGE = YES_ERROR;
				CLANG_WARN_DOCUMENTATION_COMMENTS = YES;
				CLANG_WARN_EMPTY_BODY = YES;
				CLANG_WARN_ENUM_CONVERSION = YES;
				CLANG_WARN_INFINITE_RECURSION = YES;
				CLANG_WARN_INT_CONVERSION = YES;
				CLANG_WARN_NON_LITERAL_NULL_CONVERSION = YES;
				CLANG_WARN_OBJC_IMPLICIT_RETAIN_SELF = YES;
				CLANG_WARN_OBJC_LITERAL_CONVERSION = YES;
				CLANG_WARN_OBJC_ROOT_CLASS = YES_ERROR;
				CLANG_WARN_QUOTED_INCLUDE_IN_FRAMEWORK_HEADER = YES;
				CLANG_WARN_RANGE_LOOP_ANALYSIS = YES;
				CLANG_WARN_STRICT_PROTOTYPES = YES;
				CLANG_WARN_SUSPICIOUS_MOVE = YES;
				CLANG_WARN_UNGUARDED_AVAILABILITY = YES_AGGRESSIVE;
				CLANG_WARN_UNREACHABLE_CODE = YES;
				CLANG_WARN__DUPLICATE_METHOD_MATCH = YES;
				COPY_PHASE_STRIP = NO;
				DEBUG_INFORMATION_FORMAT = "dwarf-with-dsym";
				ENABLE_NS_ASSERTIONS = NO;
				ENABLE_STRICT_OBJC_MSGSEND = YES;
				GCC_C_LANGUAGE_STANDARD = gnu11;
				GCC_NO_COMMON_BLOCKS = YES;
				GCC_WARN_64_TO_32_BIT_CONVERSION = YES;
				GCC_WARN_ABOUT_RETURN_TYPE = YES_ERROR;
				GCC_WARN_UNDECLARED_SELECTOR = YES;
				GCC_WARN_UNINITIALIZED_AUTOS = YES_AGGRESSIVE;
				GCC_WARN_UNUSED_FUNCTION = YES;
				GCC_WARN_UNUSED_VARIABLE = YES;
				IPHONEOS_DEPLOYMENT_TARGET = 14.5;
				MTL_ENABLE_DEBUG_INFO = NO;
				MTL_FAST_MATH = YES;
				SDKROOT = iphoneos;
				SWIFT_COMPILATION_MODE = wholemodule;
				SWIFT_OPTIMIZATION_LEVEL = "-O";
				VALIDATE_PRODUCT = YES;
			};
			name = Release;
		};
		41F8721E26E2C9AB00DDDF61 /* Debug */ = {
			isa = XCBuildConfiguration;
			buildSettings = {
				ASSETCATALOG_COMPILER_APPICON_NAME = AppIcon;
				ASSETCATALOG_COMPILER_GLOBAL_ACCENT_COLOR_NAME = AccentColor;
				CODE_SIGN_STYLE = Automatic;
				DEVELOPMENT_ASSET_PATHS = "\"REcipe List App/Preview Content\"";
				DEVELOPMENT_TEAM = VX32XN839Z;
				ENABLE_PREVIEWS = YES;
				INFOPLIST_FILE = "REcipe List App/Info.plist";
				IPHONEOS_DEPLOYMENT_TARGET = 14.0;
				LD_RUNPATH_SEARCH_PATHS = (
					"$(inherited)",
					"@executable_path/Frameworks",
				);
				PRODUCT_BUNDLE_IDENTIFIER = "com.code.tom.REcipe-List-App";
				PRODUCT_NAME = "$(TARGET_NAME)";
				SWIFT_VERSION = 5.0;
				TARGETED_DEVICE_FAMILY = "1,2";
			};
			name = Debug;
		};
		41F8721F26E2C9AB00DDDF61 /* Release */ = {
			isa = XCBuildConfiguration;
			buildSettings = {
				ASSETCATALOG_COMPILER_APPICON_NAME = AppIcon;
				ASSETCATALOG_COMPILER_GLOBAL_ACCENT_COLOR_NAME = AccentColor;
				CODE_SIGN_STYLE = Automatic;
				DEVELOPMENT_ASSET_PATHS = "\"REcipe List App/Preview Content\"";
				DEVELOPMENT_TEAM = VX32XN839Z;
				ENABLE_PREVIEWS = YES;
				INFOPLIST_FILE = "REcipe List App/Info.plist";
				IPHONEOS_DEPLOYMENT_TARGET = 14.0;
				LD_RUNPATH_SEARCH_PATHS = (
					"$(inherited)",
					"@executable_path/Frameworks",
				);
				PRODUCT_BUNDLE_IDENTIFIER = "com.code.tom.REcipe-List-App";
				PRODUCT_NAME = "$(TARGET_NAME)";
				SWIFT_VERSION = 5.0;
				TARGETED_DEVICE_FAMILY = "1,2";
			};
			name = Release;
		};
/* End XCBuildConfiguration section */

/* Begin XCConfigurationList section */
		41F8720926E2C9AA00DDDF61 /* Build configuration list for PBXProject "REcipe List App" */ = {
			isa = XCConfigurationList;
			buildConfigurations = (
				41F8721B26E2C9AB00DDDF61 /* Debug */,
				41F8721C26E2C9AB00DDDF61 /* Release */,
			);
			defaultConfigurationIsVisible = 0;
			defaultConfigurationName = Release;
		};
		41F8721D26E2C9AB00DDDF61 /* Build configuration list for PBXNativeTarget "REcipe List App" */ = {
			isa = XCConfigurationList;
			buildConfigurations = (
				41F8721E26E2C9AB00DDDF61 /* Debug */,
				41F8721F26E2C9AB00DDDF61 /* Release */,
			);
			defaultConfigurationIsVisible = 0;
			defaultConfigurationName = Release;
		};
/* End XCConfigurationList section */
	};
	rootObject = 41F8720626E2C9AA00DDDF61 /* Project object */;
}
